// !$*UTF8*$!
{
	archiveVersion = 1;
	classes = {
	};
	objectVersion = 50;
	objects = {

/* Begin PBXBuildFile section */
		D68FC7D22682933300EB926C /* AppDelegate.swift in Sources */ = {isa = PBXBuildFile; fileRef = D68FC7D12682933300EB926C /* AppDelegate.swift */; };
		D68FC7D42682933300EB926C /* SceneDelegate.swift in Sources */ = {isa = PBXBuildFile; fileRef = D68FC7D32682933300EB926C /* SceneDelegate.swift */; };
		D68FC7D62682933300EB926C /* ViewController.swift in Sources */ = {isa = PBXBuildFile; fileRef = D68FC7D52682933300EB926C /* ViewController.swift */; };
		D68FC7D92682933300EB926C /* Main.storyboard in Resources */ = {isa = PBXBuildFile; fileRef = D68FC7D72682933300EB926C /* Main.storyboard */; };
		D68FC7DB2682933600EB926C /* Assets.xcassets in Resources */ = {isa = PBXBuildFile; fileRef = D68FC7DA2682933600EB926C /* Assets.xcassets */; };
		D68FC7DE2682933600EB926C /* LaunchScreen.storyboard in Resources */ = {isa = PBXBuildFile; fileRef = D68FC7DC2682933600EB926C /* LaunchScreen.storyboard */; };
		D68FC7E8268293C200EB926C /* ProductListHelper.swift in Sources */ = {isa = PBXBuildFile; fileRef = D68FC7E7268293C200EB926C /* ProductListHelper.swift */; };
/* End PBXBuildFile section */

/* Begin PBXFileReference section */
		D68FC7CE2682933300EB926C /* ShoppingCartAMQ.app */ = {isa = PBXFileReference; explicitFileType = wrapper.application; includeInIndex = 0; path = ShoppingCartAMQ.app; sourceTree = BUILT_PRODUCTS_DIR; };
		D68FC7D12682933300EB926C /* AppDelegate.swift */ = {isa = PBXFileReference; lastKnownFileType = sourcecode.swift; path = AppDelegate.swift; sourceTree = "<group>"; };
		D68FC7D32682933300EB926C /* SceneDelegate.swift */ = {isa = PBXFileReference; lastKnownFileType = sourcecode.swift; path = SceneDelegate.swift; sourceTree = "<group>"; };
		D68FC7D52682933300EB926C /* ViewController.swift */ = {isa = PBXFileReference; lastKnownFileType = sourcecode.swift; path = ViewController.swift; sourceTree = "<group>"; };
		D68FC7D82682933300EB926C /* Base */ = {isa = PBXFileReference; lastKnownFileType = file.storyboard; name = Base; path = Base.lproj/Main.storyboard; sourceTree = "<group>"; };
		D68FC7DA2682933600EB926C /* Assets.xcassets */ = {isa = PBXFileReference; lastKnownFileType = folder.assetcatalog; path = Assets.xcassets; sourceTree = "<group>"; };
		D68FC7DD2682933600EB926C /* Base */ = {isa = PBXFileReference; lastKnownFileType = file.storyboard; name = Base; path = Base.lproj/LaunchScreen.storyboard; sourceTree = "<group>"; };
		D68FC7DF2682933600EB926C /* Info.plist */ = {isa = PBXFileReference; lastKnownFileType = text.plist.xml; path = Info.plist; sourceTree = "<group>"; };
		D68FC7E7268293C200EB926C /* ProductListHelper.swift */ = {isa = PBXFileReference; lastKnownFileType = sourcecode.swift; path = ProductListHelper.swift; sourceTree = "<group>"; };
/* End PBXFileReference section */

/* Begin PBXFrameworksBuildPhase section */
		D68FC7CB2682933300EB926C /* Frameworks */ = {
			isa = PBXFrameworksBuildPhase;
			buildActionMask = 2147483647;
			files = (
			);
			runOnlyForDeploymentPostprocessing = 0;
		};
/* End PBXFrameworksBuildPhase section */

/* Begin PBXGroup section */
		D68FC7C52682933300EB926C = {
			isa = PBXGroup;
			children = (
				D68FC7D02682933300EB926C /* ShoppingCartAMQ */,
				D68FC7CF2682933300EB926C /* Products */,
			);
			sourceTree = "<group>";
		};
		D68FC7CF2682933300EB926C /* Products */ = {
			isa = PBXGroup;
			children = (
				D68FC7CE2682933300EB926C /* ShoppingCartAMQ.app */,
			);
			name = Products;
			sourceTree = "<group>";
		};
		D68FC7D02682933300EB926C /* ShoppingCartAMQ */ = {
			isa = PBXGroup;
			children = (
				D68FC7E6268293A800EB926C /* Helper */,
				D68FC7D12682933300EB926C /* AppDelegate.swift */,
				D68FC7D32682933300EB926C /* SceneDelegate.swift */,
				D68FC7D52682933300EB926C /* ViewController.swift */,
				D68FC7D72682933300EB926C /* Main.storyboard */,
				D68FC7DA2682933600EB926C /* Assets.xcassets */,
				D68FC7DC2682933600EB926C /* LaunchScreen.storyboard */,
				D68FC7DF2682933600EB926C /* Info.plist */,
			);
			path = ShoppingCartAMQ;
			sourceTree = "<group>";
		};
		D68FC7E6268293A800EB926C /* Helper */ = {
			isa = PBXGroup;
			children = (
				D68FC7E7268293C200EB926C /* ProductListHelper.swift */,
			);
			path = Helper;
			sourceTree = "<group>";
		};
/* End PBXGroup section */

/* Begin PBXNativeTarget section */
		D68FC7CD2682933300EB926C /* ShoppingCartAMQ */ = {
			isa = PBXNativeTarget;
			buildConfigurationList = D68FC7E22682933600EB926C /* Build configuration list for PBXNativeTarget "ShoppingCartAMQ" */;
			buildPhases = (
				D68FC7CA2682933300EB926C /* Sources */,
				D68FC7CB2682933300EB926C /* Frameworks */,
				D68FC7CC2682933300EB926C /* Resources */,
			);
			buildRules = (
			);
			dependencies = (
			);
			name = ShoppingCartAMQ;
			productName = ShoppingCartAMQ;
			productReference = D68FC7CE2682933300EB926C /* ShoppingCartAMQ.app */;
			productType = "com.apple.product-type.application";
		};
/* End PBXNativeTarget section */

/* Begin PBXProject section */
		D68FC7C62682933300EB926C /* Project object */ = {
			isa = PBXProject;
			attributes = {
				LastSwiftUpdateCheck = 1220;
				LastUpgradeCheck = 1220;
				TargetAttributes = {
					D68FC7CD2682933300EB926C = {
						CreatedOnToolsVersion = 12.2;
					};
				};
			};
			buildConfigurationList = D68FC7C92682933300EB926C /* Build configuration list for PBXProject "ShoppingCartAMQ" */;
			compatibilityVersion = "Xcode 9.3";
			developmentRegion = en;
			hasScannedForEncodings = 0;
			knownRegions = (
				en,
				Base,
			);
			mainGroup = D68FC7C52682933300EB926C;
			productRefGroup = D68FC7CF2682933300EB926C /* Products */;
			projectDirPath = "";
			projectRoot = "";
			targets = (
				D68FC7CD2682933300EB926C /* ShoppingCartAMQ */,
			);
		};
/* End PBXProject section */

/* Begin PBXResourcesBuildPhase section */
		D68FC7CC2682933300EB926C /* Resources */ = {
			isa = PBXResourcesBuildPhase;
			buildActionMask = 2147483647;
			files = (
				D68FC7DE2682933600EB926C /* LaunchScreen.storyboard in Resources */,
				D68FC7DB2682933600EB926C /* Assets.xcassets in Resources */,
				D68FC7D92682933300EB926C /* Main.storyboard in Resources */,
			);
			runOnlyForDeploymentPostprocessing = 0;
		};
/* End PBXResourcesBuildPhase section */

/* Begin PBXSourcesBuildPhase section */
		D68FC7CA2682933300EB926C /* Sources */ = {
			isa = PBXSourcesBuildPhase;
			buildActionMask = 2147483647;
			files = (
				D68FC7D62682933300EB926C /* ViewController.swift in Sources */,
				D68FC7D22682933300EB926C /* AppDelegate.swift in Sources */,
				D68FC7D42682933300EB926C /* SceneDelegate.swift in Sources */,
				D68FC7E8268293C200EB926C /* ProductListHelper.swift in Sources */,
			);
			runOnlyForDeploymentPostprocessing = 0;
		};
/* End PBXSourcesBuildPhase section */

/* Begin PBXVariantGroup section */
		D68FC7D72682933300EB926C /* Main.storyboard */ = {
			isa = PBXVariantGroup;
			children = (
				D68FC7D82682933300EB926C /* Base */,
			);
			name = Main.storyboard;
			sourceTree = "<group>";
		};
		D68FC7DC2682933600EB926C /* LaunchScreen.storyboard */ = {
			isa = PBXVariantGroup;
			children = (
				D68FC7DD2682933600EB926C /* Base */,
			);
			name = LaunchScreen.storyboard;
			sourceTree = "<group>";
		};
/* End PBXVariantGroup section */

/* Begin XCBuildConfiguration section */
		D68FC7E02682933600EB926C /* Debug */ = {
			isa = XCBuildConfiguration;
			buildSettings = {
				ALWAYS_SEARCH_USER_PATHS = NO;
				CLANG_ANALYZER_NONNULL = YES;
				CLANG_ANALYZER_NUMBER_OBJECT_CONVERSION = YES_AGGRESSIVE;
				CLANG_CXX_LANGUAGE_STANDARD = "gnu++14";
				CLANG_CXX_LIBRARY = "libc++";
				CLANG_ENABLE_MODULES = YES;
				CLANG_ENABLE_OBJC_ARC = YES;
				CLANG_ENABLE_OBJC_WEAK = YES;
				CLANG_WARN_BLOCK_CAPTURE_AUTORELEASING = YES;
				CLANG_WARN_BOOL_CONVERSION = YES;
				CLANG_WARN_COMMA = YES;
				CLANG_WARN_CONSTANT_CONVERSION = YES;
				CLANG_WARN_DEPRECATED_OBJC_IMPLEMENTATIONS = YES;
				CLANG_WARN_DIRECT_OBJC_ISA_USAGE = YES_ERROR;
				CLANG_WARN_DOCUMENTATION_COMMENTS = YES;
				CLANG_WARN_EMPTY_BODY = YES;
				CLANG_WARN_ENUM_CONVERSION = YES;
				CLANG_WARN_INFINITE_RECURSION = YES;
				CLANG_WARN_INT_CONVERSION = YES;
				CLANG_WARN_NON_LITERAL_NULL_CONVERSION = YES;
				CLANG_WARN_OBJC_IMPLICIT_RETAIN_SELF = YES;
				CLANG_WARN_OBJC_LITERAL_CONVERSION = YES;
				CLANG_WARN_OBJC_ROOT_CLASS = YES_ERROR;
				CLANG_WARN_QUOTED_INCLUDE_IN_FRAMEWORK_HEADER = YES;
				CLANG_WARN_RANGE_LOOP_ANALYSIS = YES;
				CLANG_WARN_STRICT_PROTOTYPES = YES;
				CLANG_WARN_SUSPICIOUS_MOVE = YES;
				CLANG_WARN_UNGUARDED_AVAILABILITY = YES_AGGRESSIVE;
				CLANG_WARN_UNREACHABLE_CODE = YES;
				CLANG_WARN__DUPLICATE_METHOD_MATCH = YES;
				COPY_PHASE_STRIP = NO;
				DEBUG_INFORMATION_FORMAT = dwarf;
				ENABLE_STRICT_OBJC_MSGSEND = YES;
				ENABLE_TESTABILITY = YES;
				GCC_C_LANGUAGE_STANDARD = gnu11;
				GCC_DYNAMIC_NO_PIC = NO;
				GCC_NO_COMMON_BLOCKS = YES;
				GCC_OPTIMIZATION_LEVEL = 0;
				GCC_PREPROCESSOR_DEFINITIONS = (
					"DEBUG=1",
					"$(inherited)",
				);
				GCC_WARN_64_TO_32_BIT_CONVERSION = YES;
				GCC_WARN_ABOUT_RETURN_TYPE = YES_ERROR;
				GCC_WARN_UNDECLARED_SELECTOR = YES;
				GCC_WARN_UNINITIALIZED_AUTOS = YES_AGGRESSIVE;
				GCC_WARN_UNUSED_FUNCTION = YES;
				GCC_WARN_UNUSED_VARIABLE = YES;
				IPHONEOS_DEPLOYMENT_TARGET = 14.2;
				MTL_ENABLE_DEBUG_INFO = INCLUDE_SOURCE;
				MTL_FAST_MATH = YES;
				ONLY_ACTIVE_ARCH = YES;
				SDKROOT = iphoneos;
				SWIFT_ACTIVE_COMPILATION_CONDITIONS = DEBUG;
				SWIFT_OPTIMIZATION_LEVEL = "-Onone";
			};
			name = Debug;
		};
		D68FC7E12682933600EB926C /* Release */ = {
			isa = XCBuildConfiguration;
			buildSettings = {
				ALWAYS_SEARCH_USER_PATHS = NO;
				CLANG_ANALYZER_NONNULL = YES;
				CLANG_ANALYZER_NUMBER_OBJECT_CONVERSION = YES_AGGRESSIVE;
				CLANG_CXX_LANGUAGE_STANDARD = "gnu++14";
				CLANG_CXX_LIBRARY = "libc++";
				CLANG_ENABLE_MODULES = YES;
				CLANG_ENABLE_OBJC_ARC = YES;
				CLANG_ENABLE_OBJC_WEAK = YES;
				CLANG_WARN_BLOCK_CAPTURE_AUTORELEASING = YES;
				CLANG_WARN_BOOL_CONVERSION = YES;
				CLANG_WARN_COMMA = YES;
				CLANG_WARN_CONSTANT_CONVERSION = YES;
				CLANG_WARN_DEPRECATED_OBJC_IMPLEMENTATIONS = YES;
				CLANG_WARN_DIRECT_OBJC_ISA_USAGE = YES_ERROR;
				CLANG_WARN_DOCUMENTATION_COMMENTS = YES;
				CLANG_WARN_EMPTY_BODY = YES;
				CLANG_WARN_ENUM_CONVERSION = YES;
				CLANG_WARN_INFINITE_RECURSION = YES;
				CLANG_WARN_INT_CONVERSION = YES;
				CLANG_WARN_NON_LITERAL_NULL_CONVERSION = YES;
				CLANG_WARN_OBJC_IMPLICIT_RETAIN_SELF = YES;
				CLANG_WARN_OBJC_LITERAL_CONVERSION = YES;
				CLANG_WARN_OBJC_ROOT_CLASS = YES_ERROR;
				CLANG_WARN_QUOTED_INCLUDE_IN_FRAMEWORK_HEADER = YES;
				CLANG_WARN_RANGE_LOOP_ANALYSIS = YES;
				CLANG_WARN_STRICT_PROTOTYPES = YES;
				CLANG_WARN_SUSPICIOUS_MOVE = YES;
				CLANG_WARN_UNGUARDED_AVAILABILITY = YES_AGGRESSIVE;
				CLANG_WARN_UNREACHABLE_CODE = YES;
				CLANG_WARN__DUPLICATE_METHOD_MATCH = YES;
				COPY_PHASE_STRIP = NO;
				DEBUG_INFORMATION_FORMAT = "dwarf-with-dsym";
				ENABLE_NS_ASSERTIONS = NO;
				ENABLE_STRICT_OBJC_MSGSEND = YES;
				GCC_C_LANGUAGE_STANDARD = gnu11;
				GCC_NO_COMMON_BLOCKS = YES;
				GCC_WARN_64_TO_32_BIT_CONVERSION = YES;
				GCC_WARN_ABOUT_RETURN_TYPE = YES_ERROR;
				GCC_WARN_UNDECLARED_SELECTOR = YES;
				GCC_WARN_UNINITIALIZED_AUTOS = YES_AGGRESSIVE;
				GCC_WARN_UNUSED_FUNCTION = YES;
				GCC_WARN_UNUSED_VARIABLE = YES;
				IPHONEOS_DEPLOYMENT_TARGET = 14.2;
				MTL_ENABLE_DEBUG_INFO = NO;
				MTL_FAST_MATH = YES;
				SDKROOT = iphoneos;
				SWIFT_COMPILATION_MODE = wholemodule;
				SWIFT_OPTIMIZATION_LEVEL = "-O";
				VALIDATE_PRODUCT = YES;
			};
			name = Release;
		};
		D68FC7E32682933600EB926C /* Debug */ = {
			isa = XCBuildConfiguration;
			buildSettings = {
				ASSETCATALOG_COMPILER_APPICON_NAME = AppIcon;
				ASSETCATALOG_COMPILER_GLOBAL_ACCENT_COLOR_NAME = AccentColor;
				CODE_SIGN_STYLE = Automatic;
				INFOPLIST_FILE = ShoppingCartAMQ/Info.plist;
				LD_RUNPATH_SEARCH_PATHS = (
					"$(inherited)",
					"@executable_path/Frameworks",
				);
				PRODUCT_BUNDLE_IDENTIFIER = ShoppingCartAMQ.americo.com.ShoppingCartAMQ;
				PRODUCT_NAME = "$(TARGET_NAME)";
				SWIFT_VERSION = 5.0;
				TARGETED_DEVICE_FAMILY = "1,2";
			};
			name = Debug;
		};
		D68FC7E42682933600EB926C /* Release */ = {
			isa = XCBuildConfiguration;
			buildSettings = {
				ASSETCATALOG_COMPILER_APPICON_NAME = AppIcon;
				ASSETCATALOG_COMPILER_GLOBAL_ACCENT_COLOR_NAME = AccentColor;
				CODE_SIGN_STYLE = Automatic;
				INFOPLIST_FILE = ShoppingCartAMQ/Info.plist;
				LD_RUNPATH_SEARCH_PATHS = (
					"$(inherited)",
					"@executable_path/Frameworks",
				);
				PRODUCT_BUNDLE_IDENTIFIER = ShoppingCartAMQ.americo.com.ShoppingCartAMQ;
				PRODUCT_NAME = "$(TARGET_NAME)";
				SWIFT_VERSION = 5.0;
				TARGETED_DEVICE_FAMILY = "1,2";
			};
			name = Release;
		};
/* End XCBuildConfiguration section */

/* Begin XCConfigurationList section */
		D68FC7C92682933300EB926C /* Build configuration list for PBXProject "ShoppingCartAMQ" */ = {
			isa = XCConfigurationList;
			buildConfigurations = (
				D68FC7E02682933600EB926C /* Debug */,
				D68FC7E12682933600EB926C /* Release */,
			);
			defaultConfigurationIsVisible = 0;
			defaultConfigurationName = Release;
		};
		D68FC7E22682933600EB926C /* Build configuration list for PBXNativeTarget "ShoppingCartAMQ" */ = {
			isa = XCConfigurationList;
			buildConfigurations = (
				D68FC7E32682933600EB926C /* Debug */,
				D68FC7E42682933600EB926C /* Release */,
			);
			defaultConfigurationIsVisible = 0;
			defaultConfigurationName = Release;
		};
/* End XCConfigurationList section */
	};
	rootObject = D68FC7C62682933300EB926C /* Project object */;
}
